// !$*UTF8*$!
{
	archiveVersion = 1;
	classes = {
	};
	objectVersion = 55;
	objects = {

/* Begin PBXBuildFile section */
		3F5F7C8927E9D2C700F8EC76 /* AppDelegate.swift in Sources */ = {isa = PBXBuildFile; fileRef = 3F5F7C8827E9D2C700F8EC76 /* AppDelegate.swift */; };
		3F5F7C8B27E9D2C700F8EC76 /* SceneDelegate.swift in Sources */ = {isa = PBXBuildFile; fileRef = 3F5F7C8A27E9D2C700F8EC76 /* SceneDelegate.swift */; };
		3F5F7C8D27E9D2C700F8EC76 /* ViewController.swift in Sources */ = {isa = PBXBuildFile; fileRef = 3F5F7C8C27E9D2C700F8EC76 /* ViewController.swift */; };
		3F5F7C9027E9D2C700F8EC76 /* Main.storyboard in Resources */ = {isa = PBXBuildFile; fileRef = 3F5F7C8E27E9D2C700F8EC76 /* Main.storyboard */; };
		3F5F7C9227E9D2C800F8EC76 /* Assets.xcassets in Resources */ = {isa = PBXBuildFile; fileRef = 3F5F7C9127E9D2C800F8EC76 /* Assets.xcassets */; };
		3F5F7C9527E9D2C800F8EC76 /* LaunchScreen.storyboard in Resources */ = {isa = PBXBuildFile; fileRef = 3F5F7C9327E9D2C800F8EC76 /* LaunchScreen.storyboard */; };
		3F5F7C9D27E9D39300F8EC76 /* FigureArea.swift in Sources */ = {isa = PBXBuildFile; fileRef = 3F5F7C9C27E9D39300F8EC76 /* FigureArea.swift */; };
		3F5F7C9F27E9D3BD00F8EC76 /* SquareArea.swift in Sources */ = {isa = PBXBuildFile; fileRef = 3F5F7C9E27E9D3BD00F8EC76 /* SquareArea.swift */; };
		3F5F7CA227E9D9A800F8EC76 /* RectangleArea.swift in Sources */ = {isa = PBXBuildFile; fileRef = 3F5F7CA127E9D9A800F8EC76 /* RectangleArea.swift */; };
		3F5F7CAA27E9DF8500F8EC76 /* Convert.swift in Sources */ = {isa = PBXBuildFile; fileRef = 3F5F7CA927E9DF8500F8EC76 /* Convert.swift */; };
		3F5F7CB027E9E38C00F8EC76 /* StringToDouble.swift in Sources */ = {isa = PBXBuildFile; fileRef = 3F5F7CAF27E9E38C00F8EC76 /* StringToDouble.swift */; };
		3F5F7CB227E9E63B00F8EC76 /* DoubleToString.swift in Sources */ = {isa = PBXBuildFile; fileRef = 3F5F7CB127E9E63B00F8EC76 /* DoubleToString.swift */; };
		3F5F7CB427E9F4B600F8EC76 /* GetAnswer.swift in Sources */ = {isa = PBXBuildFile; fileRef = 3F5F7CB327E9F4B600F8EC76 /* GetAnswer.swift */; };
		3F5F7CBB27E9F7D600F8EC76 /* mainExecution.swift in Sources */ = {isa = PBXBuildFile; fileRef = 3F5F7CBA27E9F7D600F8EC76 /* mainExecution.swift */; };
		3F5F7CBF27E9FF2700F8EC76 /* changeTypeFigure.swift in Sources */ = {isa = PBXBuildFile; fileRef = 3F5F7CBE27E9FF2700F8EC76 /* changeTypeFigure.swift */; };
/* End PBXBuildFile section */

/* Begin PBXFileReference section */
		3F5F7C8527E9D2C700F8EC76 /* SquareFigure.app */ = {isa = PBXFileReference; explicitFileType = wrapper.application; includeInIndex = 0; path = SquareFigure.app; sourceTree = BUILT_PRODUCTS_DIR; };
		3F5F7C8827E9D2C700F8EC76 /* AppDelegate.swift */ = {isa = PBXFileReference; lastKnownFileType = sourcecode.swift; path = AppDelegate.swift; sourceTree = "<group>"; };
		3F5F7C8A27E9D2C700F8EC76 /* SceneDelegate.swift */ = {isa = PBXFileReference; lastKnownFileType = sourcecode.swift; path = SceneDelegate.swift; sourceTree = "<group>"; };
		3F5F7C8C27E9D2C700F8EC76 /* ViewController.swift */ = {isa = PBXFileReference; lastKnownFileType = sourcecode.swift; path = ViewController.swift; sourceTree = "<group>"; };
		3F5F7C8F27E9D2C700F8EC76 /* Base */ = {isa = PBXFileReference; lastKnownFileType = file.storyboard; name = Base; path = Base.lproj/Main.storyboard; sourceTree = "<group>"; };
		3F5F7C9127E9D2C800F8EC76 /* Assets.xcassets */ = {isa = PBXFileReference; lastKnownFileType = folder.assetcatalog; path = Assets.xcassets; sourceTree = "<group>"; };
		3F5F7C9427E9D2C800F8EC76 /* Base */ = {isa = PBXFileReference; lastKnownFileType = file.storyboard; name = Base; path = Base.lproj/LaunchScreen.storyboard; sourceTree = "<group>"; };
		3F5F7C9627E9D2C800F8EC76 /* Info.plist */ = {isa = PBXFileReference; lastKnownFileType = text.plist.xml; path = Info.plist; sourceTree = "<group>"; };
		3F5F7C9C27E9D39300F8EC76 /* FigureArea.swift */ = {isa = PBXFileReference; lastKnownFileType = sourcecode.swift; path = FigureArea.swift; sourceTree = "<group>"; };
		3F5F7C9E27E9D3BD00F8EC76 /* SquareArea.swift */ = {isa = PBXFileReference; lastKnownFileType = sourcecode.swift; path = SquareArea.swift; sourceTree = "<group>"; };
		3F5F7CA127E9D9A800F8EC76 /* RectangleArea.swift */ = {isa = PBXFileReference; lastKnownFileType = sourcecode.swift; path = RectangleArea.swift; sourceTree = "<group>"; };
		3F5F7CA927E9DF8500F8EC76 /* Convert.swift */ = {isa = PBXFileReference; lastKnownFileType = sourcecode.swift; path = Convert.swift; sourceTree = "<group>"; };
		3F5F7CAF27E9E38C00F8EC76 /* StringToDouble.swift */ = {isa = PBXFileReference; lastKnownFileType = sourcecode.swift; path = StringToDouble.swift; sourceTree = "<group>"; };
		3F5F7CB127E9E63B00F8EC76 /* DoubleToString.swift */ = {isa = PBXFileReference; lastKnownFileType = sourcecode.swift; path = DoubleToString.swift; sourceTree = "<group>"; };
		3F5F7CB327E9F4B600F8EC76 /* GetAnswer.swift */ = {isa = PBXFileReference; lastKnownFileType = sourcecode.swift; path = GetAnswer.swift; sourceTree = "<group>"; };
		3F5F7CBA27E9F7D600F8EC76 /* mainExecution.swift */ = {isa = PBXFileReference; lastKnownFileType = sourcecode.swift; path = mainExecution.swift; sourceTree = "<group>"; };
		3F5F7CBE27E9FF2700F8EC76 /* changeTypeFigure.swift */ = {isa = PBXFileReference; lastKnownFileType = sourcecode.swift; path = changeTypeFigure.swift; sourceTree = "<group>"; };
/* End PBXFileReference section */

/* Begin PBXFrameworksBuildPhase section */
		3F5F7C8227E9D2C700F8EC76 /* Frameworks */ = {
			isa = PBXFrameworksBuildPhase;
			buildActionMask = 2147483647;
			files = (
			);
			runOnlyForDeploymentPostprocessing = 0;
		};
/* End PBXFrameworksBuildPhase section */

/* Begin PBXGroup section */
		3F5F7C7C27E9D2C700F8EC76 = {
			isa = PBXGroup;
			children = (
				3F5F7C8727E9D2C700F8EC76 /* SquareFigure */,
				3F5F7C8627E9D2C700F8EC76 /* Products */,
			);
			sourceTree = "<group>";
		};
		3F5F7C8627E9D2C700F8EC76 /* Products */ = {
			isa = PBXGroup;
			children = (
				3F5F7C8527E9D2C700F8EC76 /* SquareFigure.app */,
			);
			name = Products;
			sourceTree = "<group>";
		};
		3F5F7C8727E9D2C700F8EC76 /* SquareFigure */ = {
			isa = PBXGroup;
			children = (
				3F5F7C8827E9D2C700F8EC76 /* AppDelegate.swift */,
				3F5F7C8A27E9D2C700F8EC76 /* SceneDelegate.swift */,
				3F5F7C8C27E9D2C700F8EC76 /* ViewController.swift */,
				3F5F7C8E27E9D2C700F8EC76 /* Main.storyboard */,
				3F5F7C9127E9D2C800F8EC76 /* Assets.xcassets */,
				3F5F7C9327E9D2C800F8EC76 /* LaunchScreen.storyboard */,
				3F5F7C9627E9D2C800F8EC76 /* Info.plist */,
				3F5F7CA027E9D3C300F8EC76 /* Classes */,
			);
			path = SquareFigure;
			sourceTree = "<group>";
		};
		3F5F7CA027E9D3C300F8EC76 /* Classes */ = {
			isa = PBXGroup;
			children = (
				3F5F7CA327E9DCE200F8EC76 /* common */,
			);
			path = Classes;
			sourceTree = "<group>";
		};
		3F5F7CA327E9DCE200F8EC76 /* common */ = {
			isa = PBXGroup;
			children = (
				3F5F7CA827E9DF5F00F8EC76 /* convert */,
				3F5F7CA427E9DCFC00F8EC76 /* area */,
				3F5F7CB527E9F6EB00F8EC76 /* execution */,
			);
			path = common;
			sourceTree = "<group>";
		};
		3F5F7CA427E9DCFC00F8EC76 /* area */ = {
			isa = PBXGroup;
			children = (
				3F5F7C9C27E9D39300F8EC76 /* FigureArea.swift */,
				3F5F7CA527E9DD1400F8EC76 /* Support */,
			);
			path = area;
			sourceTree = "<group>";
		};
		3F5F7CA527E9DD1400F8EC76 /* Support */ = {
			isa = PBXGroup;
			children = (
				3F5F7CA627E9DD2000F8EC76 /* Square */,
				3F5F7CA727E9DD2900F8EC76 /* Rectangle */,
			);
			path = Support;
			sourceTree = "<group>";
		};
		3F5F7CA627E9DD2000F8EC76 /* Square */ = {
			isa = PBXGroup;
			children = (
				3F5F7C9E27E9D3BD00F8EC76 /* SquareArea.swift */,
			);
			path = Square;
			sourceTree = "<group>";
		};
		3F5F7CA727E9DD2900F8EC76 /* Rectangle */ = {
			isa = PBXGroup;
			children = (
				3F5F7CA127E9D9A800F8EC76 /* RectangleArea.swift */,
			);
			path = Rectangle;
			sourceTree = "<group>";
		};
		3F5F7CA827E9DF5F00F8EC76 /* convert */ = {
			isa = PBXGroup;
			children = (
				3F5F7CAC27E9DF9500F8EC76 /* ToString */,
				3F5F7CAB27E9DF8A00F8EC76 /* ToDouble */,
				3F5F7CA927E9DF8500F8EC76 /* Convert.swift */,
			);
			path = convert;
			sourceTree = "<group>";
		};
		3F5F7CAB27E9DF8A00F8EC76 /* ToDouble */ = {
			isa = PBXGroup;
			children = (
				3F5F7CAF27E9E38C00F8EC76 /* StringToDouble.swift */,
			);
			path = ToDouble;
			sourceTree = "<group>";
		};
		3F5F7CAC27E9DF9500F8EC76 /* ToString */ = {
			isa = PBXGroup;
			children = (
				3F5F7CB127E9E63B00F8EC76 /* DoubleToString.swift */,
			);
			path = ToString;
			sourceTree = "<group>";
		};
		3F5F7CB527E9F6EB00F8EC76 /* execution */ = {
			isa = PBXGroup;
			children = (
				3F5F7CC027EA000C00F8EC76 /* Support */,
				3F5F7CBA27E9F7D600F8EC76 /* mainExecution.swift */,
			);
			path = execution;
			sourceTree = "<group>";
		};
		3F5F7CB827E9F76500F8EC76 /* button */ = {
			isa = PBXGroup;
			children = (
				3F5F7CB927E9F78500F8EC76 /* actionClick */,
			);
			path = button;
			sourceTree = "<group>";
		};
		3F5F7CB927E9F78500F8EC76 /* actionClick */ = {
			isa = PBXGroup;
			children = (
				3F5F7CB327E9F4B600F8EC76 /* GetAnswer.swift */,
			);
			path = actionClick;
			sourceTree = "<group>";
		};
		3F5F7CBC27E9FEAE00F8EC76 /* segmentControl */ = {
			isa = PBXGroup;
			children = (
				3F5F7CBD27E9FEFD00F8EC76 /* actionValueChange */,
			);
			path = segmentControl;
			sourceTree = "<group>";
		};
		3F5F7CBD27E9FEFD00F8EC76 /* actionValueChange */ = {
			isa = PBXGroup;
			children = (
				3F5F7CBE27E9FF2700F8EC76 /* changeTypeFigure.swift */,
			);
			path = actionValueChange;
			sourceTree = "<group>";
		};
		3F5F7CC027EA000C00F8EC76 /* Support */ = {
			isa = PBXGroup;
			children = (
				3F5F7CBC27E9FEAE00F8EC76 /* segmentControl */,
				3F5F7CB827E9F76500F8EC76 /* button */,
			);
			path = Support;
			sourceTree = "<group>";
		};
/* End PBXGroup section */

/* Begin PBXNativeTarget section */
		3F5F7C8427E9D2C700F8EC76 /* SquareFigure */ = {
			isa = PBXNativeTarget;
			buildConfigurationList = 3F5F7C9927E9D2C800F8EC76 /* Build configuration list for PBXNativeTarget "SquareFigure" */;
			buildPhases = (
				3F5F7C8127E9D2C700F8EC76 /* Sources */,
				3F5F7C8227E9D2C700F8EC76 /* Frameworks */,
				3F5F7C8327E9D2C700F8EC76 /* Resources */,
			);
			buildRules = (
			);
			dependencies = (
			);
			name = SquareFigure;
			productName = SquareFigure;
			productReference = 3F5F7C8527E9D2C700F8EC76 /* SquareFigure.app */;
			productType = "com.apple.product-type.application";
		};
/* End PBXNativeTarget section */

/* Begin PBXProject section */
		3F5F7C7D27E9D2C700F8EC76 /* Project object */ = {
			isa = PBXProject;
			attributes = {
				BuildIndependentTargetsInParallel = 1;
				LastSwiftUpdateCheck = 1310;
				LastUpgradeCheck = 1310;
				TargetAttributes = {
					3F5F7C8427E9D2C700F8EC76 = {
						CreatedOnToolsVersion = 13.1;
					};
				};
			};
			buildConfigurationList = 3F5F7C8027E9D2C700F8EC76 /* Build configuration list for PBXProject "SquareFigure" */;
			compatibilityVersion = "Xcode 13.0";
			developmentRegion = en;
			hasScannedForEncodings = 0;
			knownRegions = (
				en,
				Base,
			);
			mainGroup = 3F5F7C7C27E9D2C700F8EC76;
			productRefGroup = 3F5F7C8627E9D2C700F8EC76 /* Products */;
			projectDirPath = "";
			projectRoot = "";
			targets = (
				3F5F7C8427E9D2C700F8EC76 /* SquareFigure */,
			);
		};
/* End PBXProject section */

/* Begin PBXResourcesBuildPhase section */
		3F5F7C8327E9D2C700F8EC76 /* Resources */ = {
			isa = PBXResourcesBuildPhase;
			buildActionMask = 2147483647;
			files = (
				3F5F7C9527E9D2C800F8EC76 /* LaunchScreen.storyboard in Resources */,
				3F5F7C9227E9D2C800F8EC76 /* Assets.xcassets in Resources */,
				3F5F7C9027E9D2C700F8EC76 /* Main.storyboard in Resources */,
			);
			runOnlyForDeploymentPostprocessing = 0;
		};
/* End PBXResourcesBuildPhase section */

/* Begin PBXSourcesBuildPhase section */
		3F5F7C8127E9D2C700F8EC76 /* Sources */ = {
			isa = PBXSourcesBuildPhase;
			buildActionMask = 2147483647;
			files = (
				3F5F7CB227E9E63B00F8EC76 /* DoubleToString.swift in Sources */,
				3F5F7CA227E9D9A800F8EC76 /* RectangleArea.swift in Sources */,
				3F5F7CAA27E9DF8500F8EC76 /* Convert.swift in Sources */,
				3F5F7CBB27E9F7D600F8EC76 /* mainExecution.swift in Sources */,
				3F5F7C8D27E9D2C700F8EC76 /* ViewController.swift in Sources */,
				3F5F7C9F27E9D3BD00F8EC76 /* SquareArea.swift in Sources */,
				3F5F7CB027E9E38C00F8EC76 /* StringToDouble.swift in Sources */,
				3F5F7CBF27E9FF2700F8EC76 /* changeTypeFigure.swift in Sources */,
				3F5F7C8927E9D2C700F8EC76 /* AppDelegate.swift in Sources */,
				3F5F7CB427E9F4B600F8EC76 /* GetAnswer.swift in Sources */,
				3F5F7C9D27E9D39300F8EC76 /* FigureArea.swift in Sources */,
				3F5F7C8B27E9D2C700F8EC76 /* SceneDelegate.swift in Sources */,
			);
			runOnlyForDeploymentPostprocessing = 0;
		};
/* End PBXSourcesBuildPhase section */

/* Begin PBXVariantGroup section */
		3F5F7C8E27E9D2C700F8EC76 /* Main.storyboard */ = {
			isa = PBXVariantGroup;
			children = (
				3F5F7C8F27E9D2C700F8EC76 /* Base */,
			);
			name = Main.storyboard;
			sourceTree = "<group>";
		};
		3F5F7C9327E9D2C800F8EC76 /* LaunchScreen.storyboard */ = {
			isa = PBXVariantGroup;
			children = (
				3F5F7C9427E9D2C800F8EC76 /* Base */,
			);
			name = LaunchScreen.storyboard;
			sourceTree = "<group>";
		};
/* End PBXVariantGroup section */

/* Begin XCBuildConfiguration section */
		3F5F7C9727E9D2C800F8EC76 /* Debug */ = {
			isa = XCBuildConfiguration;
			buildSettings = {
				ALWAYS_SEARCH_USER_PATHS = NO;
				CLANG_ANALYZER_NONNULL = YES;
				CLANG_ANALYZER_NUMBER_OBJECT_CONVERSION = YES_AGGRESSIVE;
				CLANG_CXX_LANGUAGE_STANDARD = "gnu++17";
				CLANG_CXX_LIBRARY = "libc++";
				CLANG_ENABLE_MODULES = YES;
				CLANG_ENABLE_OBJC_ARC = YES;
				CLANG_ENABLE_OBJC_WEAK = YES;
				CLANG_WARN_BLOCK_CAPTURE_AUTORELEASING = YES;
				CLANG_WARN_BOOL_CONVERSION = YES;
				CLANG_WARN_COMMA = YES;
				CLANG_WARN_CONSTANT_CONVERSION = YES;
				CLANG_WARN_DEPRECATED_OBJC_IMPLEMENTATIONS = YES;
				CLANG_WARN_DIRECT_OBJC_ISA_USAGE = YES_ERROR;
				CLANG_WARN_DOCUMENTATION_COMMENTS = YES;
				CLANG_WARN_EMPTY_BODY = YES;
				CLANG_WARN_ENUM_CONVERSION = YES;
				CLANG_WARN_INFINITE_RECURSION = YES;
				CLANG_WARN_INT_CONVERSION = YES;
				CLANG_WARN_NON_LITERAL_NULL_CONVERSION = YES;
				CLANG_WARN_OBJC_IMPLICIT_RETAIN_SELF = YES;
				CLANG_WARN_OBJC_LITERAL_CONVERSION = YES;
				CLANG_WARN_OBJC_ROOT_CLASS = YES_ERROR;
				CLANG_WARN_QUOTED_INCLUDE_IN_FRAMEWORK_HEADER = YES;
				CLANG_WARN_RANGE_LOOP_ANALYSIS = YES;
				CLANG_WARN_STRICT_PROTOTYPES = YES;
				CLANG_WARN_SUSPICIOUS_MOVE = YES;
				CLANG_WARN_UNGUARDED_AVAILABILITY = YES_AGGRESSIVE;
				CLANG_WARN_UNREACHABLE_CODE = YES;
				CLANG_WARN__DUPLICATE_METHOD_MATCH = YES;
				COPY_PHASE_STRIP = NO;
				DEBUG_INFORMATION_FORMAT = dwarf;
				ENABLE_STRICT_OBJC_MSGSEND = YES;
				ENABLE_TESTABILITY = YES;
				GCC_C_LANGUAGE_STANDARD = gnu11;
				GCC_DYNAMIC_NO_PIC = NO;
				GCC_NO_COMMON_BLOCKS = YES;
				GCC_OPTIMIZATION_LEVEL = 0;
				GCC_PREPROCESSOR_DEFINITIONS = (
					"DEBUG=1",
					"$(inherited)",
				);
				GCC_WARN_64_TO_32_BIT_CONVERSION = YES;
				GCC_WARN_ABOUT_RETURN_TYPE = YES_ERROR;
				GCC_WARN_UNDECLARED_SELECTOR = YES;
				GCC_WARN_UNINITIALIZED_AUTOS = YES_AGGRESSIVE;
				GCC_WARN_UNUSED_FUNCTION = YES;
				GCC_WARN_UNUSED_VARIABLE = YES;
				IPHONEOS_DEPLOYMENT_TARGET = 15.0;
				MTL_ENABLE_DEBUG_INFO = INCLUDE_SOURCE;
				MTL_FAST_MATH = YES;
				ONLY_ACTIVE_ARCH = YES;
				SDKROOT = iphoneos;
				SWIFT_ACTIVE_COMPILATION_CONDITIONS = DEBUG;
				SWIFT_OPTIMIZATION_LEVEL = "-Onone";
			};
			name = Debug;
		};
		3F5F7C9827E9D2C800F8EC76 /* Release */ = {
			isa = XCBuildConfiguration;
			buildSettings = {
				ALWAYS_SEARCH_USER_PATHS = NO;
				CLANG_ANALYZER_NONNULL = YES;
				CLANG_ANALYZER_NUMBER_OBJECT_CONVERSION = YES_AGGRESSIVE;
				CLANG_CXX_LANGUAGE_STANDARD = "gnu++17";
				CLANG_CXX_LIBRARY = "libc++";
				CLANG_ENABLE_MODULES = YES;
				CLANG_ENABLE_OBJC_ARC = YES;
				CLANG_ENABLE_OBJC_WEAK = YES;
				CLANG_WARN_BLOCK_CAPTURE_AUTORELEASING = YES;
				CLANG_WARN_BOOL_CONVERSION = YES;
				CLANG_WARN_COMMA = YES;
				CLANG_WARN_CONSTANT_CONVERSION = YES;
				CLANG_WARN_DEPRECATED_OBJC_IMPLEMENTATIONS = YES;
				CLANG_WARN_DIRECT_OBJC_ISA_USAGE = YES_ERROR;
				CLANG_WARN_DOCUMENTATION_COMMENTS = YES;
				CLANG_WARN_EMPTY_BODY = YES;
				CLANG_WARN_ENUM_CONVERSION = YES;
				CLANG_WARN_INFINITE_RECURSION = YES;
				CLANG_WARN_INT_CONVERSION = YES;
				CLANG_WARN_NON_LITERAL_NULL_CONVERSION = YES;
				CLANG_WARN_OBJC_IMPLICIT_RETAIN_SELF = YES;
				CLANG_WARN_OBJC_LITERAL_CONVERSION = YES;
				CLANG_WARN_OBJC_ROOT_CLASS = YES_ERROR;
				CLANG_WARN_QUOTED_INCLUDE_IN_FRAMEWORK_HEADER = YES;
				CLANG_WARN_RANGE_LOOP_ANALYSIS = YES;
				CLANG_WARN_STRICT_PROTOTYPES = YES;
				CLANG_WARN_SUSPICIOUS_MOVE = YES;
				CLANG_WARN_UNGUARDED_AVAILABILITY = YES_AGGRESSIVE;
				CLANG_WARN_UNREACHABLE_CODE = YES;
				CLANG_WARN__DUPLICATE_METHOD_MATCH = YES;
				COPY_PHASE_STRIP = NO;
				DEBUG_INFORMATION_FORMAT = "dwarf-with-dsym";
				ENABLE_NS_ASSERTIONS = NO;
				ENABLE_STRICT_OBJC_MSGSEND = YES;
				GCC_C_LANGUAGE_STANDARD = gnu11;
				GCC_NO_COMMON_BLOCKS = YES;
				GCC_WARN_64_TO_32_BIT_CONVERSION = YES;
				GCC_WARN_ABOUT_RETURN_TYPE = YES_ERROR;
				GCC_WARN_UNDECLARED_SELECTOR = YES;
				GCC_WARN_UNINITIALIZED_AUTOS = YES_AGGRESSIVE;
				GCC_WARN_UNUSED_FUNCTION = YES;
				GCC_WARN_UNUSED_VARIABLE = YES;
				IPHONEOS_DEPLOYMENT_TARGET = 15.0;
				MTL_ENABLE_DEBUG_INFO = NO;
				MTL_FAST_MATH = YES;
				SDKROOT = iphoneos;
				SWIFT_COMPILATION_MODE = wholemodule;
				SWIFT_OPTIMIZATION_LEVEL = "-O";
				VALIDATE_PRODUCT = YES;
			};
			name = Release;
		};
		3F5F7C9A27E9D2C800F8EC76 /* Debug */ = {
			isa = XCBuildConfiguration;
			buildSettings = {
				ASSETCATALOG_COMPILER_APPICON_NAME = AppIcon;
				ASSETCATALOG_COMPILER_GLOBAL_ACCENT_COLOR_NAME = AccentColor;
				CODE_SIGN_STYLE = Automatic;
				CURRENT_PROJECT_VERSION = 1;
				GENERATE_INFOPLIST_FILE = YES;
				INFOPLIST_FILE = SquareFigure/Info.plist;
				INFOPLIST_KEY_UIApplicationSupportsIndirectInputEvents = YES;
				INFOPLIST_KEY_UILaunchStoryboardName = LaunchScreen;
				INFOPLIST_KEY_UIMainStoryboardFile = Main;
				INFOPLIST_KEY_UISupportedInterfaceOrientations_iPad = "UIInterfaceOrientationPortrait UIInterfaceOrientationPortraitUpsideDown UIInterfaceOrientationLandscapeLeft UIInterfaceOrientationLandscapeRight";
				INFOPLIST_KEY_UISupportedInterfaceOrientations_iPhone = "UIInterfaceOrientationPortrait UIInterfaceOrientationLandscapeLeft UIInterfaceOrientationLandscapeRight";
				LD_RUNPATH_SEARCH_PATHS = (
					"$(inherited)",
					"@executable_path/Frameworks",
				);
				MARKETING_VERSION = 1.0;
				PRODUCT_BUNDLE_IDENTIFIER = kp11.SquareFigure;
				PRODUCT_NAME = "$(TARGET_NAME)";
				SWIFT_EMIT_LOC_STRINGS = YES;
				SWIFT_VERSION = 5.0;
				TARGETED_DEVICE_FAMILY = "1,2";
			};
			name = Debug;
		};
		3F5F7C9B27E9D2C800F8EC76 /* Release */ = {
			isa = XCBuildConfiguration;
			buildSettings = {
				ASSETCATALOG_COMPILER_APPICON_NAME = AppIcon;
				ASSETCATALOG_COMPILER_GLOBAL_ACCENT_COLOR_NAME = AccentColor;
				CODE_SIGN_STYLE = Automatic;
				CURRENT_PROJECT_VERSION = 1;
				GENERATE_INFOPLIST_FILE = YES;
				INFOPLIST_FILE = SquareFigure/Info.plist;
				INFOPLIST_KEY_UIApplicationSupportsIndirectInputEvents = YES;
				INFOPLIST_KEY_UILaunchStoryboardName = LaunchScreen;
				INFOPLIST_KEY_UIMainStoryboardFile = Main;
				INFOPLIST_KEY_UISupportedInterfaceOrientations_iPad = "UIInterfaceOrientationPortrait UIInterfaceOrientationPortraitUpsideDown UIInterfaceOrientationLandscapeLeft UIInterfaceOrientationLandscapeRight";
				INFOPLIST_KEY_UISupportedInterfaceOrientations_iPhone = "UIInterfaceOrientationPortrait UIInterfaceOrientationLandscapeLeft UIInterfaceOrientationLandscapeRight";
				LD_RUNPATH_SEARCH_PATHS = (
					"$(inherited)",
					"@executable_path/Frameworks",
				);
				MARKETING_VERSION = 1.0;
				PRODUCT_BUNDLE_IDENTIFIER = kp11.SquareFigure;
				PRODUCT_NAME = "$(TARGET_NAME)";
				SWIFT_EMIT_LOC_STRINGS = YES;
				SWIFT_VERSION = 5.0;
				TARGETED_DEVICE_FAMILY = "1,2";
			};
			name = Release;
		};
/* End XCBuildConfiguration section */

/* Begin XCConfigurationList section */
		3F5F7C8027E9D2C700F8EC76 /* Build configuration list for PBXProject "SquareFigure" */ = {
			isa = XCConfigurationList;
			buildConfigurations = (
				3F5F7C9727E9D2C800F8EC76 /* Debug */,
				3F5F7C9827E9D2C800F8EC76 /* Release */,
			);
			defaultConfigurationIsVisible = 0;
			defaultConfigurationName = Release;
		};
		3F5F7C9927E9D2C800F8EC76 /* Build configuration list for PBXNativeTarget "SquareFigure" */ = {
			isa = XCConfigurationList;
			buildConfigurations = (
				3F5F7C9A27E9D2C800F8EC76 /* Debug */,
				3F5F7C9B27E9D2C800F8EC76 /* Release */,
			);
			defaultConfigurationIsVisible = 0;
			defaultConfigurationName = Release;
		};
/* End XCConfigurationList section */
	};
	rootObject = 3F5F7C7D27E9D2C700F8EC76 /* Project object */;
}
